// !$*UTF8*$!
{
	archiveVersion = 1;
	classes = {
	};
	objectVersion = 46;
	objects = {

/* Begin PBXBuildFile section */
		1B088AE91EBBC1420026C553 /* LoginController.xib in Resources */ = {isa = PBXBuildFile; fileRef = 1B088AE71EBBC1420026C553 /* LoginController.xib */; };
		1B088AEA1EBBC1420026C553 /* ChallengeController.xib in Resources */ = {isa = PBXBuildFile; fileRef = 1B088AE81EBBC1420026C553 /* ChallengeController.xib */; };
		1B088AEF1EBBC1DD0026C553 /* LoginController.swift in Sources */ = {isa = PBXBuildFile; fileRef = 1B088AEB1EBBC1DD0026C553 /* LoginController.swift */; };
		1B088AF01EBBC1DD0026C553 /* MainController.swift in Sources */ = {isa = PBXBuildFile; fileRef = 1B088AEC1EBBC1DD0026C553 /* MainController.swift */; };
		1B088AF11EBBC1DD0026C553 /* NewChallengeController.swift in Sources */ = {isa = PBXBuildFile; fileRef = 1B088AED1EBBC1DD0026C553 /* NewChallengeController.swift */; };
		1B088AF21EBBC1DD0026C553 /* ChallengeController.swift in Sources */ = {isa = PBXBuildFile; fileRef = 1B088AEE1EBBC1DD0026C553 /* ChallengeController.swift */; };
		1B088AF61EBBC2350026C553 /* NoahService.swift in Sources */ = {isa = PBXBuildFile; fileRef = 1B088AF31EBBC2350026C553 /* NoahService.swift */; };
		1B088AF71EBBC2350026C553 /* Session.swift in Sources */ = {isa = PBXBuildFile; fileRef = 1B088AF41EBBC2350026C553 /* Session.swift */; };
		1B088AF81EBBC2350026C553 /* GameManager.swift in Sources */ = {isa = PBXBuildFile; fileRef = 1B088AF51EBBC2350026C553 /* GameManager.swift */; };
		1B088B001EBBC2680026C553 /* User.swift in Sources */ = {isa = PBXBuildFile; fileRef = 1B088AFD1EBBC2680026C553 /* User.swift */; };
		1B088B011EBBC2680026C553 /* Message.swift in Sources */ = {isa = PBXBuildFile; fileRef = 1B088AFE1EBBC2680026C553 /* Message.swift */; };
		1B088B021EBBC2680026C553 /* Challenge.swift in Sources */ = {isa = PBXBuildFile; fileRef = 1B088AFF1EBBC2680026C553 /* Challenge.swift */; };
		1B088B081EBBC2710026C553 /* GameEntity.swift in Sources */ = {isa = PBXBuildFile; fileRef = 1B088B031EBBC2710026C553 /* GameEntity.swift */; };
		1B088B091EBBC2710026C553 /* Personage.swift in Sources */ = {isa = PBXBuildFile; fileRef = 1B088B041EBBC2710026C553 /* Personage.swift */; };
		1B088B0A1EBBC2710026C553 /* Attackable.swift in Sources */ = {isa = PBXBuildFile; fileRef = 1B088B051EBBC2710026C553 /* Attackable.swift */; };
		1B088B0B1EBBC2710026C553 /* Movable.swift in Sources */ = {isa = PBXBuildFile; fileRef = 1B088B061EBBC2710026C553 /* Movable.swift */; };
		1B088B0C1EBBC2710026C553 /* Vector.swift in Sources */ = {isa = PBXBuildFile; fileRef = 1B088B071EBBC2710026C553 /* Vector.swift */; };
		1B088B131EBBC27A0026C553 /* Skill.swift in Sources */ = {isa = PBXBuildFile; fileRef = 1B088B0D1EBBC27A0026C553 /* Skill.swift */; };
		1B088B141EBBC27A0026C553 /* SkillsManager.swift in Sources */ = {isa = PBXBuildFile; fileRef = 1B088B0E1EBBC27A0026C553 /* SkillsManager.swift */; };
		1B088B151EBBC27A0026C553 /* SkillsBuilder.swift in Sources */ = {isa = PBXBuildFile; fileRef = 1B088B0F1EBBC27A0026C553 /* SkillsBuilder.swift */; };
		1B088B161EBBC27A0026C553 /* SkillName.swift in Sources */ = {isa = PBXBuildFile; fileRef = 1B088B101EBBC27A0026C553 /* SkillName.swift */; };
		1B088B171EBBC27A0026C553 /* OffensiveSkill.swift in Sources */ = {isa = PBXBuildFile; fileRef = 1B088B111EBBC27A0026C553 /* OffensiveSkill.swift */; };
		1B088B181EBBC27A0026C553 /* DefensiveSkill.swift in Sources */ = {isa = PBXBuildFile; fileRef = 1B088B121EBBC27A0026C553 /* DefensiveSkill.swift */; };
		1B088B1A1EBBC28B0026C553 /* Extensions.swift in Sources */ = {isa = PBXBuildFile; fileRef = 1B088B191EBBC28B0026C553 /* Extensions.swift */; };
		1B9EDF961EBBB5B4003984CE /* AppDelegate.swift in Sources */ = {isa = PBXBuildFile; fileRef = 1B9EDF951EBBB5B4003984CE /* AppDelegate.swift */; };
		1B9EDF9D1EBBB5B4003984CE /* Assets.xcassets in Resources */ = {isa = PBXBuildFile; fileRef = 1B9EDF9C1EBBB5B4003984CE /* Assets.xcassets */; };
		1B9EDFA01EBBB5B4003984CE /* LaunchScreen.storyboard in Resources */ = {isa = PBXBuildFile; fileRef = 1B9EDF9E1EBBB5B4003984CE /* LaunchScreen.storyboard */; };
		1B9EDFAB1EBBB5B5003984CE /* NoahGameTests.swift in Sources */ = {isa = PBXBuildFile; fileRef = 1B9EDFAA1EBBB5B5003984CE /* NoahGameTests.swift */; };
		1B9EDFB61EBBB5B5003984CE /* NoahGameUITests.swift in Sources */ = {isa = PBXBuildFile; fileRef = 1B9EDFB51EBBB5B5003984CE /* NoahGameUITests.swift */; };
		1B9EDFC81EBBB768003984CE /* GoogleService-Info.plist in Resources */ = {isa = PBXBuildFile; fileRef = 1B9EDFC71EBBB768003984CE /* GoogleService-Info.plist */; };
		41B484A8E5F3DE6311ADF15D /* Pods_NoahGame.framework in Frameworks */ = {isa = PBXBuildFile; fileRef = E76EB0B16BBF69A9B887E85E /* Pods_NoahGame.framework */; };
/* End PBXBuildFile section */

/* Begin PBXContainerItemProxy section */
		1B9EDFA71EBBB5B4003984CE /* PBXContainerItemProxy */ = {
			isa = PBXContainerItemProxy;
			containerPortal = 1B9EDF8A1EBBB5B4003984CE /* Project object */;
			proxyType = 1;
			remoteGlobalIDString = 1B9EDF911EBBB5B4003984CE;
			remoteInfo = NoahGame;
		};
		1B9EDFB21EBBB5B5003984CE /* PBXContainerItemProxy */ = {
			isa = PBXContainerItemProxy;
			containerPortal = 1B9EDF8A1EBBB5B4003984CE /* Project object */;
			proxyType = 1;
			remoteGlobalIDString = 1B9EDF911EBBB5B4003984CE;
			remoteInfo = NoahGame;
		};
/* End PBXContainerItemProxy section */

/* Begin PBXFileReference section */
		1B088AE71EBBC1420026C553 /* LoginController.xib */ = {isa = PBXFileReference; fileEncoding = 4; lastKnownFileType = file.xib; path = LoginController.xib; sourceTree = "<group>"; };
		1B088AE81EBBC1420026C553 /* ChallengeController.xib */ = {isa = PBXFileReference; fileEncoding = 4; lastKnownFileType = file.xib; path = ChallengeController.xib; sourceTree = "<group>"; };
		1B088AEB1EBBC1DD0026C553 /* LoginController.swift */ = {isa = PBXFileReference; fileEncoding = 4; lastKnownFileType = sourcecode.swift; path = LoginController.swift; sourceTree = "<group>"; };
		1B088AEC1EBBC1DD0026C553 /* MainController.swift */ = {isa = PBXFileReference; fileEncoding = 4; lastKnownFileType = sourcecode.swift; path = MainController.swift; sourceTree = "<group>"; };
		1B088AED1EBBC1DD0026C553 /* NewChallengeController.swift */ = {isa = PBXFileReference; fileEncoding = 4; lastKnownFileType = sourcecode.swift; path = NewChallengeController.swift; sourceTree = "<group>"; };
		1B088AEE1EBBC1DD0026C553 /* ChallengeController.swift */ = {isa = PBXFileReference; fileEncoding = 4; lastKnownFileType = sourcecode.swift; path = ChallengeController.swift; sourceTree = "<group>"; };
		1B088AF31EBBC2350026C553 /* NoahService.swift */ = {isa = PBXFileReference; fileEncoding = 4; lastKnownFileType = sourcecode.swift; path = NoahService.swift; sourceTree = "<group>"; };
		1B088AF41EBBC2350026C553 /* Session.swift */ = {isa = PBXFileReference; fileEncoding = 4; lastKnownFileType = sourcecode.swift; path = Session.swift; sourceTree = "<group>"; };
		1B088AF51EBBC2350026C553 /* GameManager.swift */ = {isa = PBXFileReference; fileEncoding = 4; lastKnownFileType = sourcecode.swift; path = GameManager.swift; sourceTree = "<group>"; };
		1B088AFD1EBBC2680026C553 /* User.swift */ = {isa = PBXFileReference; fileEncoding = 4; lastKnownFileType = sourcecode.swift; path = User.swift; sourceTree = "<group>"; };
		1B088AFE1EBBC2680026C553 /* Message.swift */ = {isa = PBXFileReference; fileEncoding = 4; lastKnownFileType = sourcecode.swift; path = Message.swift; sourceTree = "<group>"; };
		1B088AFF1EBBC2680026C553 /* Challenge.swift */ = {isa = PBXFileReference; fileEncoding = 4; lastKnownFileType = sourcecode.swift; path = Challenge.swift; sourceTree = "<group>"; };
		1B088B031EBBC2710026C553 /* GameEntity.swift */ = {isa = PBXFileReference; fileEncoding = 4; lastKnownFileType = sourcecode.swift; path = GameEntity.swift; sourceTree = "<group>"; };
		1B088B041EBBC2710026C553 /* Personage.swift */ = {isa = PBXFileReference; fileEncoding = 4; lastKnownFileType = sourcecode.swift; path = Personage.swift; sourceTree = "<group>"; };
		1B088B051EBBC2710026C553 /* Attackable.swift */ = {isa = PBXFileReference; fileEncoding = 4; lastKnownFileType = sourcecode.swift; path = Attackable.swift; sourceTree = "<group>"; };
		1B088B061EBBC2710026C553 /* Movable.swift */ = {isa = PBXFileReference; fileEncoding = 4; lastKnownFileType = sourcecode.swift; path = Movable.swift; sourceTree = "<group>"; };
		1B088B071EBBC2710026C553 /* Vector.swift */ = {isa = PBXFileReference; fileEncoding = 4; lastKnownFileType = sourcecode.swift; path = Vector.swift; sourceTree = "<group>"; };
		1B088B0D1EBBC27A0026C553 /* Skill.swift */ = {isa = PBXFileReference; fileEncoding = 4; lastKnownFileType = sourcecode.swift; path = Skill.swift; sourceTree = "<group>"; };
		1B088B0E1EBBC27A0026C553 /* SkillsManager.swift */ = {isa = PBXFileReference; fileEncoding = 4; lastKnownFileType = sourcecode.swift; path = SkillsManager.swift; sourceTree = "<group>"; };
		1B088B0F1EBBC27A0026C553 /* SkillsBuilder.swift */ = {isa = PBXFileReference; fileEncoding = 4; lastKnownFileType = sourcecode.swift; path = SkillsBuilder.swift; sourceTree = "<group>"; };
		1B088B101EBBC27A0026C553 /* SkillName.swift */ = {isa = PBXFileReference; fileEncoding = 4; lastKnownFileType = sourcecode.swift; path = SkillName.swift; sourceTree = "<group>"; };
		1B088B111EBBC27A0026C553 /* OffensiveSkill.swift */ = {isa = PBXFileReference; fileEncoding = 4; lastKnownFileType = sourcecode.swift; path = OffensiveSkill.swift; sourceTree = "<group>"; };
		1B088B121EBBC27A0026C553 /* DefensiveSkill.swift */ = {isa = PBXFileReference; fileEncoding = 4; lastKnownFileType = sourcecode.swift; path = DefensiveSkill.swift; sourceTree = "<group>"; };
		1B088B191EBBC28B0026C553 /* Extensions.swift */ = {isa = PBXFileReference; fileEncoding = 4; lastKnownFileType = sourcecode.swift; path = Extensions.swift; sourceTree = "<group>"; };
		1B9EDF921EBBB5B4003984CE /* NoahGame.app */ = {isa = PBXFileReference; explicitFileType = wrapper.application; includeInIndex = 0; path = NoahGame.app; sourceTree = BUILT_PRODUCTS_DIR; };
		1B9EDF951EBBB5B4003984CE /* AppDelegate.swift */ = {isa = PBXFileReference; lastKnownFileType = sourcecode.swift; path = AppDelegate.swift; sourceTree = "<group>"; };
		1B9EDF9C1EBBB5B4003984CE /* Assets.xcassets */ = {isa = PBXFileReference; lastKnownFileType = folder.assetcatalog; path = Assets.xcassets; sourceTree = "<group>"; };
		1B9EDF9F1EBBB5B4003984CE /* Base */ = {isa = PBXFileReference; lastKnownFileType = file.storyboard; name = Base; path = Base.lproj/LaunchScreen.storyboard; sourceTree = "<group>"; };
		1B9EDFA11EBBB5B4003984CE /* Info.plist */ = {isa = PBXFileReference; lastKnownFileType = text.plist.xml; path = Info.plist; sourceTree = "<group>"; };
		1B9EDFA61EBBB5B4003984CE /* NoahGameTests.xctest */ = {isa = PBXFileReference; explicitFileType = wrapper.cfbundle; includeInIndex = 0; path = NoahGameTests.xctest; sourceTree = BUILT_PRODUCTS_DIR; };
		1B9EDFAA1EBBB5B5003984CE /* NoahGameTests.swift */ = {isa = PBXFileReference; lastKnownFileType = sourcecode.swift; path = NoahGameTests.swift; sourceTree = "<group>"; };
		1B9EDFAC1EBBB5B5003984CE /* Info.plist */ = {isa = PBXFileReference; lastKnownFileType = text.plist.xml; path = Info.plist; sourceTree = "<group>"; };
		1B9EDFB11EBBB5B5003984CE /* NoahGameUITests.xctest */ = {isa = PBXFileReference; explicitFileType = wrapper.cfbundle; includeInIndex = 0; path = NoahGameUITests.xctest; sourceTree = BUILT_PRODUCTS_DIR; };
		1B9EDFB51EBBB5B5003984CE /* NoahGameUITests.swift */ = {isa = PBXFileReference; lastKnownFileType = sourcecode.swift; path = NoahGameUITests.swift; sourceTree = "<group>"; };
		1B9EDFB71EBBB5B5003984CE /* Info.plist */ = {isa = PBXFileReference; lastKnownFileType = text.plist.xml; path = Info.plist; sourceTree = "<group>"; };
		1B9EDFC71EBBB768003984CE /* GoogleService-Info.plist */ = {isa = PBXFileReference; fileEncoding = 4; lastKnownFileType = text.plist.xml; path = "GoogleService-Info.plist"; sourceTree = "<group>"; };
		A331EF6FE1973B00B408086E /* Pods-NoahGame.debug.xcconfig */ = {isa = PBXFileReference; includeInIndex = 1; lastKnownFileType = text.xcconfig; name = "Pods-NoahGame.debug.xcconfig"; path = "Pods/Target Support Files/Pods-NoahGame/Pods-NoahGame.debug.xcconfig"; sourceTree = "<group>"; };
		E172A70B6D275789796B2908 /* Pods-NoahGame.release.xcconfig */ = {isa = PBXFileReference; includeInIndex = 1; lastKnownFileType = text.xcconfig; name = "Pods-NoahGame.release.xcconfig"; path = "Pods/Target Support Files/Pods-NoahGame/Pods-NoahGame.release.xcconfig"; sourceTree = "<group>"; };
		E76EB0B16BBF69A9B887E85E /* Pods_NoahGame.framework */ = {isa = PBXFileReference; explicitFileType = wrapper.framework; includeInIndex = 0; path = Pods_NoahGame.framework; sourceTree = BUILT_PRODUCTS_DIR; };
/* End PBXFileReference section */

/* Begin PBXFrameworksBuildPhase section */
		1B9EDF8F1EBBB5B4003984CE /* Frameworks */ = {
			isa = PBXFrameworksBuildPhase;
			buildActionMask = 2147483647;
			files = (
				41B484A8E5F3DE6311ADF15D /* Pods_NoahGame.framework in Frameworks */,
			);
			runOnlyForDeploymentPostprocessing = 0;
		};
		1B9EDFA31EBBB5B4003984CE /* Frameworks */ = {
			isa = PBXFrameworksBuildPhase;
			buildActionMask = 2147483647;
			files = (
			);
			runOnlyForDeploymentPostprocessing = 0;
		};
		1B9EDFAE1EBBB5B5003984CE /* Frameworks */ = {
			isa = PBXFrameworksBuildPhase;
			buildActionMask = 2147483647;
			files = (
			);
			runOnlyForDeploymentPostprocessing = 0;
		};
/* End PBXFrameworksBuildPhase section */

/* Begin PBXGroup section */
		1B088AF91EBBC23B0026C553 /* Entities */ = {
			isa = PBXGroup;
			children = (
				1B088AFD1EBBC2680026C553 /* User.swift */,
				1B088AFE1EBBC2680026C553 /* Message.swift */,
				1B088AFF1EBBC2680026C553 /* Challenge.swift */,
			);
			name = Entities;
			sourceTree = "<group>";
		};
		1B088AFA1EBBC2410026C553 /* Skills */ = {
			isa = PBXGroup;
			children = (
				1B088B0D1EBBC27A0026C553 /* Skill.swift */,
				1B088B0E1EBBC27A0026C553 /* SkillsManager.swift */,
				1B088B0F1EBBC27A0026C553 /* SkillsBuilder.swift */,
				1B088B101EBBC27A0026C553 /* SkillName.swift */,
				1B088B111EBBC27A0026C553 /* OffensiveSkill.swift */,
				1B088B121EBBC27A0026C553 /* DefensiveSkill.swift */,
			);
			name = Skills;
			sourceTree = "<group>";
		};
		1B088AFB1EBBC2470026C553 /* Items */ = {
			isa = PBXGroup;
			children = (
			);
			name = Items;
			sourceTree = "<group>";
		};
		1B088AFC1EBBC24F0026C553 /* Characters */ = {
			isa = PBXGroup;
			children = (
				1B088B031EBBC2710026C553 /* GameEntity.swift */,
				1B088B041EBBC2710026C553 /* Personage.swift */,
				1B088B051EBBC2710026C553 /* Attackable.swift */,
				1B088B061EBBC2710026C553 /* Movable.swift */,
				1B088B071EBBC2710026C553 /* Vector.swift */,
			);
			name = Characters;
			sourceTree = "<group>";
		};
		1B9EDF891EBBB5B4003984CE = {
			isa = PBXGroup;
			children = (
				1B9EDF941EBBB5B4003984CE /* NoahGame */,
				1B9EDFA91EBBB5B4003984CE /* NoahGameTests */,
				1B9EDFB41EBBB5B5003984CE /* NoahGameUITests */,
				1B9EDF931EBBB5B4003984CE /* Products */,
				2FE02FEDF37C3C7E968CF5C7 /* Pods */,
				AB6952B92315F298EEEC0239 /* Frameworks */,
			);
			sourceTree = "<group>";
		};
		1B9EDF931EBBB5B4003984CE /* Products */ = {
			isa = PBXGroup;
			children = (
				1B9EDF921EBBB5B4003984CE /* NoahGame.app */,
				1B9EDFA61EBBB5B4003984CE /* NoahGameTests.xctest */,
				1B9EDFB11EBBB5B5003984CE /* NoahGameUITests.xctest */,
			);
			name = Products;
			sourceTree = "<group>";
		};
		1B9EDF941EBBB5B4003984CE /* NoahGame */ = {
			isa = PBXGroup;
			children = (
				1B9EDF951EBBB5B4003984CE /* AppDelegate.swift */,
				1B9EDFC31EBBB709003984CE /* Views */,
				1B9EDFC41EBBB710003984CE /* Controllers */,
				1B9EDFC51EBBB717003984CE /* Models */,
				1B9EDFC61EBBB727003984CE /* Supporting Files */,
			);
			path = NoahGame;
			sourceTree = "<group>";
		};
		1B9EDFA91EBBB5B4003984CE /* NoahGameTests */ = {
			isa = PBXGroup;
			children = (
				1B9EDFAA1EBBB5B5003984CE /* NoahGameTests.swift */,
				1B9EDFAC1EBBB5B5003984CE /* Info.plist */,
			);
			path = NoahGameTests;
			sourceTree = "<group>";
		};
		1B9EDFB41EBBB5B5003984CE /* NoahGameUITests */ = {
			isa = PBXGroup;
			children = (
				1B9EDFB51EBBB5B5003984CE /* NoahGameUITests.swift */,
				1B9EDFB71EBBB5B5003984CE /* Info.plist */,
			);
			path = NoahGameUITests;
			sourceTree = "<group>";
		};
		1B9EDFC31EBBB709003984CE /* Views */ = {
			isa = PBXGroup;
			children = (
				1B9EDF9E1EBBB5B4003984CE /* LaunchScreen.storyboard */,
				1B088AE71EBBC1420026C553 /* LoginController.xib */,
				1B088AE81EBBC1420026C553 /* ChallengeController.xib */,
			);
			name = Views;
			sourceTree = "<group>";
		};
		1B9EDFC41EBBB710003984CE /* Controllers */ = {
			isa = PBXGroup;
			children = (
				1B088AEB1EBBC1DD0026C553 /* LoginController.swift */,
				1B088AEC1EBBC1DD0026C553 /* MainController.swift */,
				1B088AED1EBBC1DD0026C553 /* NewChallengeController.swift */,
				1B088AEE1EBBC1DD0026C553 /* ChallengeController.swift */,
			);
			name = Controllers;
			sourceTree = "<group>";
		};
		1B9EDFC51EBBB717003984CE /* Models */ = {
			isa = PBXGroup;
			children = (
				1B088AF31EBBC2350026C553 /* NoahService.swift */,
				1B088AF41EBBC2350026C553 /* Session.swift */,
				1B088AF51EBBC2350026C553 /* GameManager.swift */,
				1B088AF91EBBC23B0026C553 /* Entities */,
				1B088AFC1EBBC24F0026C553 /* Characters */,
				1B088AFA1EBBC2410026C553 /* Skills */,
				1B088AFB1EBBC2470026C553 /* Items */,
			);
			name = Models;
			sourceTree = "<group>";
		};
		1B9EDFC61EBBB727003984CE /* Supporting Files */ = {
			isa = PBXGroup;
			children = (
				1B088B191EBBC28B0026C553 /* Extensions.swift */,
				1B9EDF9C1EBBB5B4003984CE /* Assets.xcassets */,
				1B9EDFC71EBBB768003984CE /* GoogleService-Info.plist */,
				1B9EDFA11EBBB5B4003984CE /* Info.plist */,
			);
			name = "Supporting Files";
			sourceTree = "<group>";
		};
		2FE02FEDF37C3C7E968CF5C7 /* Pods */ = {
			isa = PBXGroup;
			children = (
				A331EF6FE1973B00B408086E /* Pods-NoahGame.debug.xcconfig */,
				E172A70B6D275789796B2908 /* Pods-NoahGame.release.xcconfig */,
			);
			name = Pods;
			sourceTree = "<group>";
		};
		AB6952B92315F298EEEC0239 /* Frameworks */ = {
			isa = PBXGroup;
			children = (
				E76EB0B16BBF69A9B887E85E /* Pods_NoahGame.framework */,
			);
			name = Frameworks;
			sourceTree = "<group>";
		};
/* End PBXGroup section */

/* Begin PBXNativeTarget section */
		1B9EDF911EBBB5B4003984CE /* NoahGame */ = {
			isa = PBXNativeTarget;
			buildConfigurationList = 1B9EDFBA1EBBB5B5003984CE /* Build configuration list for PBXNativeTarget "NoahGame" */;
			buildPhases = (
				C6E6C8333A04DD0E43B68880 /* 📦 Check Pods Manifest.lock */,
				1B9EDF8E1EBBB5B4003984CE /* Sources */,
				1B9EDF8F1EBBB5B4003984CE /* Frameworks */,
				1B9EDF901EBBB5B4003984CE /* Resources */,
				927368097E56906CBE916853 /* 📦 Embed Pods Frameworks */,
				08D53EEAF42C621FF2BA2850 /* 📦 Copy Pods Resources */,
			);
			buildRules = (
			);
			dependencies = (
			);
			name = NoahGame;
			productName = NoahGame;
			productReference = 1B9EDF921EBBB5B4003984CE /* NoahGame.app */;
			productType = "com.apple.product-type.application";
		};
		1B9EDFA51EBBB5B4003984CE /* NoahGameTests */ = {
			isa = PBXNativeTarget;
			buildConfigurationList = 1B9EDFBD1EBBB5B5003984CE /* Build configuration list for PBXNativeTarget "NoahGameTests" */;
			buildPhases = (
				1B9EDFA21EBBB5B4003984CE /* Sources */,
				1B9EDFA31EBBB5B4003984CE /* Frameworks */,
				1B9EDFA41EBBB5B4003984CE /* Resources */,
			);
			buildRules = (
			);
			dependencies = (
				1B9EDFA81EBBB5B4003984CE /* PBXTargetDependency */,
			);
			name = NoahGameTests;
			productName = NoahGameTests;
			productReference = 1B9EDFA61EBBB5B4003984CE /* NoahGameTests.xctest */;
			productType = "com.apple.product-type.bundle.unit-test";
		};
		1B9EDFB01EBBB5B5003984CE /* NoahGameUITests */ = {
			isa = PBXNativeTarget;
			buildConfigurationList = 1B9EDFC01EBBB5B5003984CE /* Build configuration list for PBXNativeTarget "NoahGameUITests" */;
			buildPhases = (
				1B9EDFAD1EBBB5B5003984CE /* Sources */,
				1B9EDFAE1EBBB5B5003984CE /* Frameworks */,
				1B9EDFAF1EBBB5B5003984CE /* Resources */,
			);
			buildRules = (
			);
			dependencies = (
				1B9EDFB31EBBB5B5003984CE /* PBXTargetDependency */,
			);
			name = NoahGameUITests;
			productName = NoahGameUITests;
			productReference = 1B9EDFB11EBBB5B5003984CE /* NoahGameUITests.xctest */;
			productType = "com.apple.product-type.bundle.ui-testing";
		};
/* End PBXNativeTarget section */

/* Begin PBXProject section */
		1B9EDF8A1EBBB5B4003984CE /* Project object */ = {
			isa = PBXProject;
			attributes = {
				LastSwiftUpdateCheck = 0820;
				LastUpgradeCheck = 0820;
				ORGANIZATIONNAME = francarfox;
				TargetAttributes = {
					1B9EDF911EBBB5B4003984CE = {
						CreatedOnToolsVersion = 8.2.1;
						DevelopmentTeam = UCEB44E7W7;
						ProvisioningStyle = Automatic;
					};
					1B9EDFA51EBBB5B4003984CE = {
						CreatedOnToolsVersion = 8.2.1;
						ProvisioningStyle = Automatic;
						TestTargetID = 1B9EDF911EBBB5B4003984CE;
					};
					1B9EDFB01EBBB5B5003984CE = {
						CreatedOnToolsVersion = 8.2.1;
						ProvisioningStyle = Automatic;
						TestTargetID = 1B9EDF911EBBB5B4003984CE;
					};
				};
			};
			buildConfigurationList = 1B9EDF8D1EBBB5B4003984CE /* Build configuration list for PBXProject "NoahGame" */;
			compatibilityVersion = "Xcode 3.2";
			developmentRegion = English;
			hasScannedForEncodings = 0;
			knownRegions = (
				en,
				Base,
			);
			mainGroup = 1B9EDF891EBBB5B4003984CE;
			productRefGroup = 1B9EDF931EBBB5B4003984CE /* Products */;
			projectDirPath = "";
			projectRoot = "";
			targets = (
				1B9EDF911EBBB5B4003984CE /* NoahGame */,
				1B9EDFA51EBBB5B4003984CE /* NoahGameTests */,
				1B9EDFB01EBBB5B5003984CE /* NoahGameUITests */,
			);
		};
/* End PBXProject section */

/* Begin PBXResourcesBuildPhase section */
		1B9EDF901EBBB5B4003984CE /* Resources */ = {
			isa = PBXResourcesBuildPhase;
			buildActionMask = 2147483647;
			files = (
				1B9EDFA01EBBB5B4003984CE /* LaunchScreen.storyboard in Resources */,
				1B088AE91EBBC1420026C553 /* LoginController.xib in Resources */,
				1B9EDF9D1EBBB5B4003984CE /* Assets.xcassets in Resources */,
				1B9EDFC81EBBB768003984CE /* GoogleService-Info.plist in Resources */,
				1B088AEA1EBBC1420026C553 /* ChallengeController.xib in Resources */,
			);
			runOnlyForDeploymentPostprocessing = 0;
		};
		1B9EDFA41EBBB5B4003984CE /* Resources */ = {
			isa = PBXResourcesBuildPhase;
			buildActionMask = 2147483647;
			files = (
			);
			runOnlyForDeploymentPostprocessing = 0;
		};
		1B9EDFAF1EBBB5B5003984CE /* Resources */ = {
			isa = PBXResourcesBuildPhase;
			buildActionMask = 2147483647;
			files = (
			);
			runOnlyForDeploymentPostprocessing = 0;
		};
/* End PBXResourcesBuildPhase section */

/* Begin PBXShellScriptBuildPhase section */
		08D53EEAF42C621FF2BA2850 /* 📦 Copy Pods Resources */ = {
			isa = PBXShellScriptBuildPhase;
			buildActionMask = 2147483647;
			files = (
			);
			inputPaths = (
			);
			name = "📦 Copy Pods Resources";
			outputPaths = (
			);
			runOnlyForDeploymentPostprocessing = 0;
			shellPath = /bin/sh;
			shellScript = "\"${SRCROOT}/Pods/Target Support Files/Pods-NoahGame/Pods-NoahGame-resources.sh\"\n";
			showEnvVarsInLog = 0;
		};
		927368097E56906CBE916853 /* 📦 Embed Pods Frameworks */ = {
			isa = PBXShellScriptBuildPhase;
			buildActionMask = 2147483647;
			files = (
			);
			inputPaths = (
			);
			name = "📦 Embed Pods Frameworks";
			outputPaths = (
			);
			runOnlyForDeploymentPostprocessing = 0;
			shellPath = /bin/sh;
			shellScript = "\"${SRCROOT}/Pods/Target Support Files/Pods-NoahGame/Pods-NoahGame-frameworks.sh\"\n";
			showEnvVarsInLog = 0;
		};
		C6E6C8333A04DD0E43B68880 /* 📦 Check Pods Manifest.lock */ = {
			isa = PBXShellScriptBuildPhase;
			buildActionMask = 2147483647;
			files = (
			);
			inputPaths = (
			);
			name = "📦 Check Pods Manifest.lock";
			outputPaths = (
			);
			runOnlyForDeploymentPostprocessing = 0;
			shellPath = /bin/sh;
			shellScript = "diff \"${PODS_ROOT}/../Podfile.lock\" \"${PODS_ROOT}/Manifest.lock\" > /dev/null\nif [[ $? != 0 ]] ; then\n    cat << EOM\nerror: The sandbox is not in sync with the Podfile.lock. Run 'pod install' or update your CocoaPods installation.\nEOM\n    exit 1\nfi\n";
			showEnvVarsInLog = 0;
		};
/* End PBXShellScriptBuildPhase section */

/* Begin PBXSourcesBuildPhase section */
		1B9EDF8E1EBBB5B4003984CE /* Sources */ = {
			isa = PBXSourcesBuildPhase;
			buildActionMask = 2147483647;
			files = (
				1B088B1A1EBBC28B0026C553 /* Extensions.swift in Sources */,
				1B088AF71EBBC2350026C553 /* Session.swift in Sources */,
				1B088AF81EBBC2350026C553 /* GameManager.swift in Sources */,
				1B088B151EBBC27A0026C553 /* SkillsBuilder.swift in Sources */,
				1B088AF21EBBC1DD0026C553 /* ChallengeController.swift in Sources */,
				1B088B0A1EBBC2710026C553 /* Attackable.swift in Sources */,
				1B088B131EBBC27A0026C553 /* Skill.swift in Sources */,
				1B088B161EBBC27A0026C553 /* SkillName.swift in Sources */,
				1B088B171EBBC27A0026C553 /* OffensiveSkill.swift in Sources */,
				1B088AF11EBBC1DD0026C553 /* NewChallengeController.swift in Sources */,
				1B088B021EBBC2680026C553 /* Challenge.swift in Sources */,
				1B088B141EBBC27A0026C553 /* SkillsManager.swift in Sources */,
				1B088B181EBBC27A0026C553 /* DefensiveSkill.swift in Sources */,
				1B088B0B1EBBC2710026C553 /* Movable.swift in Sources */,
				1B9EDF961EBBB5B4003984CE /* AppDelegate.swift in Sources */,
				1B088B091EBBC2710026C553 /* Personage.swift in Sources */,
				1B088B001EBBC2680026C553 /* User.swift in Sources */,
				1B088B0C1EBBC2710026C553 /* Vector.swift in Sources */,
				1B088AF61EBBC2350026C553 /* NoahService.swift in Sources */,
				1B088B011EBBC2680026C553 /* Message.swift in Sources */,
				1B088AF01EBBC1DD0026C553 /* MainController.swift in Sources */,
				1B088B081EBBC2710026C553 /* GameEntity.swift in Sources */,
				1B088AEF1EBBC1DD0026C553 /* LoginController.swift in Sources */,
			);
			runOnlyForDeploymentPostprocessing = 0;
		};
		1B9EDFA21EBBB5B4003984CE /* Sources */ = {
			isa = PBXSourcesBuildPhase;
			buildActionMask = 2147483647;
			files = (
				1B9EDFAB1EBBB5B5003984CE /* NoahGameTests.swift in Sources */,
			);
			runOnlyForDeploymentPostprocessing = 0;
		};
		1B9EDFAD1EBBB5B5003984CE /* Sources */ = {
			isa = PBXSourcesBuildPhase;
			buildActionMask = 2147483647;
			files = (
				1B9EDFB61EBBB5B5003984CE /* NoahGameUITests.swift in Sources */,
			);
			runOnlyForDeploymentPostprocessing = 0;
		};
/* End PBXSourcesBuildPhase section */

/* Begin PBXTargetDependency section */
		1B9EDFA81EBBB5B4003984CE /* PBXTargetDependency */ = {
			isa = PBXTargetDependency;
			target = 1B9EDF911EBBB5B4003984CE /* NoahGame */;
			targetProxy = 1B9EDFA71EBBB5B4003984CE /* PBXContainerItemProxy */;
		};
		1B9EDFB31EBBB5B5003984CE /* PBXTargetDependency */ = {
			isa = PBXTargetDependency;
			target = 1B9EDF911EBBB5B4003984CE /* NoahGame */;
			targetProxy = 1B9EDFB21EBBB5B5003984CE /* PBXContainerItemProxy */;
		};
/* End PBXTargetDependency section */

/* Begin PBXVariantGroup section */
		1B9EDF9E1EBBB5B4003984CE /* LaunchScreen.storyboard */ = {
			isa = PBXVariantGroup;
			children = (
				1B9EDF9F1EBBB5B4003984CE /* Base */,
			);
			name = LaunchScreen.storyboard;
			sourceTree = "<group>";
		};
/* End PBXVariantGroup section */

/* Begin XCBuildConfiguration section */
		1B9EDFB81EBBB5B5003984CE /* Debug */ = {
			isa = XCBuildConfiguration;
			buildSettings = {
				ALWAYS_SEARCH_USER_PATHS = NO;
				CLANG_ANALYZER_NONNULL = YES;
				CLANG_CXX_LANGUAGE_STANDARD = "gnu++0x";
				CLANG_CXX_LIBRARY = "libc++";
				CLANG_ENABLE_MODULES = YES;
				CLANG_ENABLE_OBJC_ARC = YES;
				CLANG_WARN_BOOL_CONVERSION = YES;
				CLANG_WARN_CONSTANT_CONVERSION = YES;
				CLANG_WARN_DIRECT_OBJC_ISA_USAGE = YES_ERROR;
				CLANG_WARN_DOCUMENTATION_COMMENTS = YES;
				CLANG_WARN_EMPTY_BODY = YES;
				CLANG_WARN_ENUM_CONVERSION = YES;
				CLANG_WARN_INFINITE_RECURSION = YES;
				CLANG_WARN_INT_CONVERSION = YES;
				CLANG_WARN_OBJC_ROOT_CLASS = YES_ERROR;
				CLANG_WARN_SUSPICIOUS_MOVE = YES;
				CLANG_WARN_UNREACHABLE_CODE = YES;
				CLANG_WARN__DUPLICATE_METHOD_MATCH = YES;
				"CODE_SIGN_IDENTITY[sdk=iphoneos*]" = "iPhone Developer";
				COPY_PHASE_STRIP = NO;
				DEBUG_INFORMATION_FORMAT = dwarf;
				ENABLE_STRICT_OBJC_MSGSEND = YES;
				ENABLE_TESTABILITY = YES;
				GCC_C_LANGUAGE_STANDARD = gnu99;
				GCC_DYNAMIC_NO_PIC = NO;
				GCC_NO_COMMON_BLOCKS = YES;
				GCC_OPTIMIZATION_LEVEL = 0;
				GCC_PREPROCESSOR_DEFINITIONS = (
					"DEBUG=1",
					"$(inherited)",
				);
				GCC_WARN_64_TO_32_BIT_CONVERSION = YES;
				GCC_WARN_ABOUT_RETURN_TYPE = YES_ERROR;
				GCC_WARN_UNDECLARED_SELECTOR = YES;
				GCC_WARN_UNINITIALIZED_AUTOS = YES_AGGRESSIVE;
				GCC_WARN_UNUSED_FUNCTION = YES;
				GCC_WARN_UNUSED_VARIABLE = YES;
				IPHONEOS_DEPLOYMENT_TARGET = 10.0;
				MTL_ENABLE_DEBUG_INFO = YES;
				ONLY_ACTIVE_ARCH = YES;
				SDKROOT = iphoneos;
				SWIFT_ACTIVE_COMPILATION_CONDITIONS = DEBUG;
				SWIFT_OPTIMIZATION_LEVEL = "-Onone";
			};
			name = Debug;
		};
		1B9EDFB91EBBB5B5003984CE /* Release */ = {
			isa = XCBuildConfiguration;
			buildSettings = {
				ALWAYS_SEARCH_USER_PATHS = NO;
				CLANG_ANALYZER_NONNULL = YES;
				CLANG_CXX_LANGUAGE_STANDARD = "gnu++0x";
				CLANG_CXX_LIBRARY = "libc++";
				CLANG_ENABLE_MODULES = YES;
				CLANG_ENABLE_OBJC_ARC = YES;
				CLANG_WARN_BOOL_CONVERSION = YES;
				CLANG_WARN_CONSTANT_CONVERSION = YES;
				CLANG_WARN_DIRECT_OBJC_ISA_USAGE = YES_ERROR;
				CLANG_WARN_DOCUMENTATION_COMMENTS = YES;
				CLANG_WARN_EMPTY_BODY = YES;
				CLANG_WARN_ENUM_CONVERSION = YES;
				CLANG_WARN_INFINITE_RECURSION = YES;
				CLANG_WARN_INT_CONVERSION = YES;
				CLANG_WARN_OBJC_ROOT_CLASS = YES_ERROR;
				CLANG_WARN_SUSPICIOUS_MOVE = YES;
				CLANG_WARN_UNREACHABLE_CODE = YES;
				CLANG_WARN__DUPLICATE_METHOD_MATCH = YES;
				"CODE_SIGN_IDENTITY[sdk=iphoneos*]" = "iPhone Developer";
				COPY_PHASE_STRIP = NO;
				DEBUG_INFORMATION_FORMAT = "dwarf-with-dsym";
				ENABLE_NS_ASSERTIONS = NO;
				ENABLE_STRICT_OBJC_MSGSEND = YES;
				GCC_C_LANGUAGE_STANDARD = gnu99;
				GCC_NO_COMMON_BLOCKS = YES;
				GCC_WARN_64_TO_32_BIT_CONVERSION = YES;
				GCC_WARN_ABOUT_RETURN_TYPE = YES_ERROR;
				GCC_WARN_UNDECLARED_SELECTOR = YES;
				GCC_WARN_UNINITIALIZED_AUTOS = YES_AGGRESSIVE;
				GCC_WARN_UNUSED_FUNCTION = YES;
				GCC_WARN_UNUSED_VARIABLE = YES;
				IPHONEOS_DEPLOYMENT_TARGET = 10.0;
				MTL_ENABLE_DEBUG_INFO = NO;
				SDKROOT = iphoneos;
				SWIFT_OPTIMIZATION_LEVEL = "-Owholemodule";
				VALIDATE_PRODUCT = YES;
			};
			name = Release;
		};
		1B9EDFBB1EBBB5B5003984CE /* Debug */ = {
			isa = XCBuildConfiguration;
			baseConfigurationReference = A331EF6FE1973B00B408086E /* Pods-NoahGame.debug.xcconfig */;
			buildSettings = {
				ASSETCATALOG_COMPILER_APPICON_NAME = AppIcon;
				DEVELOPMENT_TEAM = UCEB44E7W7;
				INFOPLIST_FILE = NoahGame/Info.plist;
				LD_RUNPATH_SEARCH_PATHS = "$(inherited) @executable_path/Frameworks";
				PRODUCT_BUNDLE_IDENTIFIER = com.francarfox.NoahGame;
				PRODUCT_NAME = "$(TARGET_NAME)";
				SWIFT_VERSION = 3.0;
			};
			name = Debug;
		};
		1B9EDFBC1EBBB5B5003984CE /* Release */ = {
			isa = XCBuildConfiguration;
			baseConfigurationReference = E172A70B6D275789796B2908 /* Pods-NoahGame.release.xcconfig */;
			buildSettings = {
				ASSETCATALOG_COMPILER_APPICON_NAME = AppIcon;
				DEVELOPMENT_TEAM = UCEB44E7W7;
				INFOPLIST_FILE = NoahGame/Info.plist;
				LD_RUNPATH_SEARCH_PATHS = "$(inherited) @executable_path/Frameworks";
				PRODUCT_BUNDLE_IDENTIFIER = com.francarfox.NoahGame;
				PRODUCT_NAME = "$(TARGET_NAME)";
				SWIFT_VERSION = 3.0;
			};
			name = Release;
		};
		1B9EDFBE1EBBB5B5003984CE /* Debug */ = {
			isa = XCBuildConfiguration;
			buildSettings = {
				ALWAYS_EMBED_SWIFT_STANDARD_LIBRARIES = YES;
				BUNDLE_LOADER = "$(TEST_HOST)";
				INFOPLIST_FILE = NoahGameTests/Info.plist;
				LD_RUNPATH_SEARCH_PATHS = "$(inherited) @executable_path/Frameworks @loader_path/Frameworks";
				PRODUCT_BUNDLE_IDENTIFIER = com.francarfox.NoahGameTests;
				PRODUCT_NAME = "$(TARGET_NAME)";
				SWIFT_VERSION = 3.0;
				TEST_HOST = "$(BUILT_PRODUCTS_DIR)/NoahGame.app/NoahGame";
			};
			name = Debug;
		};
		1B9EDFBF1EBBB5B5003984CE /* Release */ = {
			isa = XCBuildConfiguration;
			buildSettings = {
				ALWAYS_EMBED_SWIFT_STANDARD_LIBRARIES = YES;
				BUNDLE_LOADER = "$(TEST_HOST)";
				INFOPLIST_FILE = NoahGameTests/Info.plist;
				LD_RUNPATH_SEARCH_PATHS = "$(inherited) @executable_path/Frameworks @loader_path/Frameworks";
				PRODUCT_BUNDLE_IDENTIFIER = com.francarfox.NoahGameTests;
				PRODUCT_NAME = "$(TARGET_NAME)";
				SWIFT_VERSION = 3.0;
				TEST_HOST = "$(BUILT_PRODUCTS_DIR)/NoahGame.app/NoahGame";
			};
			name = Release;
		};
		1B9EDFC11EBBB5B5003984CE /* Debug */ = {
			isa = XCBuildConfiguration;
			buildSettings = {
				ALWAYS_EMBED_SWIFT_STANDARD_LIBRARIES = YES;
				INFOPLIST_FILE = NoahGameUITests/Info.plist;
				LD_RUNPATH_SEARCH_PATHS = "$(inherited) @executable_path/Frameworks @loader_path/Frameworks";
				PRODUCT_BUNDLE_IDENTIFIER = com.francarfox.NoahGameUITests;
				PRODUCT_NAME = "$(TARGET_NAME)";
				SWIFT_VERSION = 3.0;
				TEST_TARGET_NAME = NoahGame;
			};
			name = Debug;
		};
		1B9EDFC21EBBB5B5003984CE /* Release */ = {
			isa = XCBuildConfiguration;
			buildSettings = {
				ALWAYS_EMBED_SWIFT_STANDARD_LIBRARIES = YES;
				INFOPLIST_FILE = NoahGameUITests/Info.plist;
				LD_RUNPATH_SEARCH_PATHS = "$(inherited) @executable_path/Frameworks @loader_path/Frameworks";
				PRODUCT_BUNDLE_IDENTIFIER = com.francarfox.NoahGameUITests;
				PRODUCT_NAME = "$(TARGET_NAME)";
				SWIFT_VERSION = 3.0;
				TEST_TARGET_NAME = NoahGame;
			};
			name = Release;
		};
/* End XCBuildConfiguration section */

/* Begin XCConfigurationList section */
		1B9EDF8D1EBBB5B4003984CE /* Build configuration list for PBXProject "NoahGame" */ = {
			isa = XCConfigurationList;
			buildConfigurations = (
				1B9EDFB81EBBB5B5003984CE /* Debug */,
				1B9EDFB91EBBB5B5003984CE /* Release */,
			);
			defaultConfigurationIsVisible = 0;
			defaultConfigurationName = Release;
		};
		1B9EDFBA1EBBB5B5003984CE /* Build configuration list for PBXNativeTarget "NoahGame" */ = {
			isa = XCConfigurationList;
			buildConfigurations = (
				1B9EDFBB1EBBB5B5003984CE /* Debug */,
				1B9EDFBC1EBBB5B5003984CE /* Release */,
			);
			defaultConfigurationIsVisible = 0;
			defaultConfigurationName = Release;
		};
		1B9EDFBD1EBBB5B5003984CE /* Build configuration list for PBXNativeTarget "NoahGameTests" */ = {
			isa = XCConfigurationList;
			buildConfigurations = (
				1B9EDFBE1EBBB5B5003984CE /* Debug */,
				1B9EDFBF1EBBB5B5003984CE /* Release */,
			);
			defaultConfigurationIsVisible = 0;
			defaultConfigurationName = Release;
		};
		1B9EDFC01EBBB5B5003984CE /* Build configuration list for PBXNativeTarget "NoahGameUITests" */ = {
			isa = XCConfigurationList;
			buildConfigurations = (
				1B9EDFC11EBBB5B5003984CE /* Debug */,
				1B9EDFC21EBBB5B5003984CE /* Release */,
			);
			defaultConfigurationIsVisible = 0;
			defaultConfigurationName = Release;
		};
/* End XCConfigurationList section */
	};
	rootObject = 1B9EDF8A1EBBB5B4003984CE /* Project object */;
}
